
Microsoft Visual Studio Solution File, Format Version 12.00
# Visual Studio Version 16
VisualStudioVersion = 16.0.30621.155
MinimumVisualStudioVersion = 10.0.40219.1
Project("{9A19103F-16F7-4668-BE54-9A1E7A4F7556}") = "DataTrust.Pod.Api", "DataTrust.Pod.Api\DataTrust.Pod.Api.csproj", "{2C508001-8B33-4D7D-BF27-B4E4B639C431}"
EndProject
Project("{9A19103F-16F7-4668-BE54-9A1E7A4F7556}") = "DataTrust.Pod.Api.Tests", "DataTrust.Pod.Api.Tests\DataTrust.Pod.Api.Tests.csproj", "{01321794-B4B3-4992-9C2D-8E81D9D999AB}"
EndProject
Global
	GlobalSection(SolutionConfigurationPlatforms) = preSolution
		Debug|Any CPU = Debug|Any CPU
		Release|Any CPU = Release|Any CPU
	EndGlobalSection
	GlobalSection(ProjectConfigurationPlatforms) = postSolution
		{2C508001-8B33-4D7D-BF27-B4E4B639C431}.Debug|Any CPU.ActiveCfg = Debug|Any CPU
		{2C508001-8B33-4D7D-BF27-B4E4B639C431}.Debug|Any CPU.Build.0 = Debug|Any CPU
		{2C508001-8B33-4D7D-BF27-B4E4B639C431}.Release|Any CPU.ActiveCfg = Release|Any CPU
		{2C508001-8B33-4D7D-BF27-B4E4B639C431}.Release|Any CPU.Build.0 = Release|Any CPU
		{01321794-B4B3-4992-9C2D-8E81D9D999AB}.Debug|Any CPU.ActiveCfg = Debug|Any CPU
		{01321794-B4B3-4992-9C2D-8E81D9D999AB}.Debug|Any CPU.Build.0 = Debug|Any CPU
		{01321794-B4B3-4992-9C2D-8E81D9D999AB}.Release|Any CPU.ActiveCfg = Release|Any CPU
		{01321794-B4B3-4992-9C2D-8E81D9D999AB}.Release|Any CPU.Build.0 = Release|Any CPU
	EndGlobalSection
	GlobalSection(SolutionProperties) = preSolution
		HideSolutionNode = FALSE
	EndGlobalSection
	GlobalSection(ExtensibilityGlobals) = postSolution
		SolutionGuid = {E57FD387-7666-4122-A09F-3C5CF8AD52AD}
	EndGlobalSection
EndGlobal
